
Microsoft Visual Studio Solution File, Format Version 12.00
# Visual Studio Version 17
VisualStudioVersion = 17.10.35013.160
MinimumVisualStudioVersion = 10.0.40219.1
Project("{FAE04EC0-301F-11D3-BF4B-00C04F79EFBC}") = "Multithreading Ex 3", "Multithreading Ex 3.csproj", "{5BF8A553-DA11-4474-B868-A2B370FECADD}"
EndProject
Global
	GlobalSection(SolutionConfigurationPlatforms) = preSolution
		Debug|Any CPU = Debug|Any CPU
		Release|Any CPU = Release|Any CPU
	EndGlobalSection
	GlobalSection(ProjectConfigurationPlatforms) = postSolution
		{5BF8A553-DA11-4474-B868-A2B370FECADD}.Debug|Any CPU.ActiveCfg = Debug|Any CPU
		{5BF8A553-DA11-4474-B868-A2B370FECADD}.Debug|Any CPU.Build.0 = Debug|Any CPU
		{5BF8A553-DA11-4474-B868-A2B370FECADD}.Release|Any CPU.ActiveCfg = Release|Any CPU
		{5BF8A553-DA11-4474-B868-A2B370FECADD}.Release|Any CPU.Build.0 = Release|Any CPU
	EndGlobalSection
	GlobalSection(SolutionProperties) = preSolution
		HideSolutionNode = FALSE
	EndGlobalSection
	GlobalSection(ExtensibilityGlobals) = postSolution
		SolutionGuid = {084C4DD4-8E6C-44FA-B4A4-CC2A74ECC18F}
	EndGlobalSection
EndGlobal
