
Microsoft Visual Studio Solution File, Format Version 12.00
# Visual Studio Version 17
VisualStudioVersion = 17.10.35013.160
MinimumVisualStudioVersion = 10.0.40219.1
Project("{FAE04EC0-301F-11D3-BF4B-00C04F79EFBC}") = "Time", "Time.csproj", "{13E82FF7-1230-446F-B8A7-1E79549D670C}"
EndProject
Global
	GlobalSection(SolutionConfigurationPlatforms) = preSolution
		Debug|Any CPU = Debug|Any CPU
		Release|Any CPU = Release|Any CPU
	EndGlobalSection
	GlobalSection(ProjectConfigurationPlatforms) = postSolution
		{13E82FF7-1230-446F-B8A7-1E79549D670C}.Debug|Any CPU.ActiveCfg = Debug|Any CPU
		{13E82FF7-1230-446F-B8A7-1E79549D670C}.Debug|Any CPU.Build.0 = Debug|Any CPU
		{13E82FF7-1230-446F-B8A7-1E79549D670C}.Release|Any CPU.ActiveCfg = Release|Any CPU
		{13E82FF7-1230-446F-B8A7-1E79549D670C}.Release|Any CPU.Build.0 = Release|Any CPU
	EndGlobalSection
	GlobalSection(SolutionProperties) = preSolution
		HideSolutionNode = FALSE
	EndGlobalSection
	GlobalSection(ExtensibilityGlobals) = postSolution
		SolutionGuid = {CC4D2F9B-8528-4295-8849-8A0EFA65113B}
	EndGlobalSection
EndGlobal
